
Microsoft Visual Studio Solution File, Format Version 12.00
# Visual Studio Version 17
VisualStudioVersion = 17.5.33424.131
MinimumVisualStudioVersion = 10.0.40219.1
Project("{FAE04EC0-301F-11D3-BF4B-00C04F79EFBC}") = "deliverable3_Iterative Statement", "deliverable3_Iterative Statement.csproj", "{9770D770-8A46-4953-9D73-D17F873E6350}"
EndProject
Global
	GlobalSection(SolutionConfigurationPlatforms) = preSolution
		Debug|Any CPU = Debug|Any CPU
		Release|Any CPU = Release|Any CPU
	EndGlobalSection
	GlobalSection(ProjectConfigurationPlatforms) = postSolution
		{9770D770-8A46-4953-9D73-D17F873E6350}.Debug|Any CPU.ActiveCfg = Debug|Any CPU
		{9770D770-8A46-4953-9D73-D17F873E6350}.Debug|Any CPU.Build.0 = Debug|Any CPU
		{9770D770-8A46-4953-9D73-D17F873E6350}.Release|Any CPU.ActiveCfg = Release|Any CPU
		{9770D770-8A46-4953-9D73-D17F873E6350}.Release|Any CPU.Build.0 = Release|Any CPU
	EndGlobalSection
	GlobalSection(SolutionProperties) = preSolution
		HideSolutionNode = FALSE
	EndGlobalSection
	GlobalSection(ExtensibilityGlobals) = postSolution
		SolutionGuid = {740A4633-D228-4271-B17F-E0E88E8C87F5}
	EndGlobalSection
EndGlobal
